
Microsoft Visual Studio Solution File, Format Version 12.00
# Visual Studio Version 17
VisualStudioVersion = 17.3.32922.545
MinimumVisualStudioVersion = 10.0.40219.1
Project("{9A19103F-16F7-4668-BE54-9A1E7A4F7556}") = "Foundation", "Foundation\Foundation.csproj", "{55DB2E14-37B7-4135-AD6B-1FBE4D3F365E}"
EndProject
Project("{FAE04EC0-301F-11D3-BF4B-00C04F79EFBC}") = "TicTacToe", "TicTacToe\TicTacToe.csproj", "{04ACDD3D-7F96-4B8F-96E0-E514732FE2A1}"
EndProject
Global
	GlobalSection(SolutionConfigurationPlatforms) = preSolution
		Debug|Any CPU = Debug|Any CPU
		Release|Any CPU = Release|Any CPU
	EndGlobalSection
	GlobalSection(ProjectConfigurationPlatforms) = postSolution
		{55DB2E14-37B7-4135-AD6B-1FBE4D3F365E}.Debug|Any CPU.ActiveCfg = Debug|Any CPU
		{55DB2E14-37B7-4135-AD6B-1FBE4D3F365E}.Debug|Any CPU.Build.0 = Debug|Any CPU
		{55DB2E14-37B7-4135-AD6B-1FBE4D3F365E}.Release|Any CPU.ActiveCfg = Release|Any CPU
		{55DB2E14-37B7-4135-AD6B-1FBE4D3F365E}.Release|Any CPU.Build.0 = Release|Any CPU
		{04ACDD3D-7F96-4B8F-96E0-E514732FE2A1}.Debug|Any CPU.ActiveCfg = Debug|Any CPU
		{04ACDD3D-7F96-4B8F-96E0-E514732FE2A1}.Debug|Any CPU.Build.0 = Debug|Any CPU
		{04ACDD3D-7F96-4B8F-96E0-E514732FE2A1}.Release|Any CPU.ActiveCfg = Release|Any CPU
		{04ACDD3D-7F96-4B8F-96E0-E514732FE2A1}.Release|Any CPU.Build.0 = Release|Any CPU
	EndGlobalSection
	GlobalSection(SolutionProperties) = preSolution
		HideSolutionNode = FALSE
	EndGlobalSection
	GlobalSection(ExtensibilityGlobals) = postSolution
		SolutionGuid = {CBA8EFBF-227B-40E2-9956-368BF1CC9120}
	EndGlobalSection
EndGlobal
