
Microsoft Visual Studio Solution File, Format Version 12.00
# Visual Studio Version 17
VisualStudioVersion = 17.3.32922.545
MinimumVisualStudioVersion = 10.0.40219.1
Project("{9A19103F-16F7-4668-BE54-9A1E7A4F7556}") = "Foundation", "Foundation\Foundation.csproj", "{55DB2E14-37B7-4135-AD6B-1FBE4D3F365E}"
EndProject
Project("{9A19103F-16F7-4668-BE54-9A1E7A4F7556}") = "TicTacToe", "TicTacToe\TicTacToe.csproj", "{04ACDD3D-7F96-4B8F-96E0-E514732FE2A1}"
EndProject
Project("{9A19103F-16F7-4668-BE54-9A1E7A4F7556}") = "ConsoleLibrary", "ConsoleLibrary\ConsoleLibrary.csproj", "{8CDF37A0-DA3E-44AF-B2AD-87131D851065}"
EndProject
Project("{9A19103F-16F7-4668-BE54-9A1E7A4F7556}") = "MasterMindLibrary", "MasterMindLibrary\MasterMindLibrary.csproj", "{7B601F55-C08B-430E-8D86-19CAA9605616}"
EndProject
Project("{9A19103F-16F7-4668-BE54-9A1E7A4F7556}") = "MasterMind", "MasterMind\MasterMind.csproj", "{7EB37578-5606-4EC3-BEE4-444A0B7D6CCB}"
EndProject
Project("{9A19103F-16F7-4668-BE54-9A1E7A4F7556}") = "WinForms", "WinForms\WinForms.csproj", "{28256A2C-93CA-41BE-A654-ED7352A4670C}"
EndProject
Project("{9A19103F-16F7-4668-BE54-9A1E7A4F7556}") = "NumberGuessingGame", "NumberGuessingGame\NumberGuessingGame.csproj", "{CC8E07F0-C29E-4565-ABDC-43BA55ACCCDF}"
EndProject
Project("{9A19103F-16F7-4668-BE54-9A1E7A4F7556}") = "WPF", "WPF\WPF.csproj", "{987F40FE-C5F9-4032-939C-8540B63E938F}"
EndProject
Project("{9A19103F-16F7-4668-BE54-9A1E7A4F7556}") = "Calculator", "Calculator\Calculator.csproj", "{41F1A076-B4F1-45FA-91D4-B5622176FCD1}"
EndProject
Project("{9A19103F-16F7-4668-BE54-9A1E7A4F7556}") = "DnDCharacterGenerator", "DnDCharacterGenerator\DnDCharacterGenerator.csproj", "{EE6FAE6B-8338-4D32-9FAE-42A101B9C80F}"
EndProject
Project("{FAE04EC0-301F-11D3-BF4B-00C04F79EFBC}") = "Login", "Login\Login.csproj", "{359C6FB9-4BA9-413B-9ED8-2DCF5D9EE6B5}"
EndProject
Global
	GlobalSection(SolutionConfigurationPlatforms) = preSolution
		Debug|Any CPU = Debug|Any CPU
		Release|Any CPU = Release|Any CPU
	EndGlobalSection
	GlobalSection(ProjectConfigurationPlatforms) = postSolution
		{55DB2E14-37B7-4135-AD6B-1FBE4D3F365E}.Debug|Any CPU.ActiveCfg = Debug|Any CPU
		{55DB2E14-37B7-4135-AD6B-1FBE4D3F365E}.Debug|Any CPU.Build.0 = Debug|Any CPU
		{55DB2E14-37B7-4135-AD6B-1FBE4D3F365E}.Release|Any CPU.ActiveCfg = Release|Any CPU
		{55DB2E14-37B7-4135-AD6B-1FBE4D3F365E}.Release|Any CPU.Build.0 = Release|Any CPU
		{04ACDD3D-7F96-4B8F-96E0-E514732FE2A1}.Debug|Any CPU.ActiveCfg = Debug|Any CPU
		{04ACDD3D-7F96-4B8F-96E0-E514732FE2A1}.Debug|Any CPU.Build.0 = Debug|Any CPU
		{04ACDD3D-7F96-4B8F-96E0-E514732FE2A1}.Release|Any CPU.ActiveCfg = Release|Any CPU
		{04ACDD3D-7F96-4B8F-96E0-E514732FE2A1}.Release|Any CPU.Build.0 = Release|Any CPU
		{8CDF37A0-DA3E-44AF-B2AD-87131D851065}.Debug|Any CPU.ActiveCfg = Debug|Any CPU
		{8CDF37A0-DA3E-44AF-B2AD-87131D851065}.Debug|Any CPU.Build.0 = Debug|Any CPU
		{8CDF37A0-DA3E-44AF-B2AD-87131D851065}.Release|Any CPU.ActiveCfg = Release|Any CPU
		{8CDF37A0-DA3E-44AF-B2AD-87131D851065}.Release|Any CPU.Build.0 = Release|Any CPU
		{7B601F55-C08B-430E-8D86-19CAA9605616}.Debug|Any CPU.ActiveCfg = Debug|Any CPU
		{7B601F55-C08B-430E-8D86-19CAA9605616}.Debug|Any CPU.Build.0 = Debug|Any CPU
		{7B601F55-C08B-430E-8D86-19CAA9605616}.Release|Any CPU.ActiveCfg = Release|Any CPU
		{7B601F55-C08B-430E-8D86-19CAA9605616}.Release|Any CPU.Build.0 = Release|Any CPU
		{7EB37578-5606-4EC3-BEE4-444A0B7D6CCB}.Debug|Any CPU.ActiveCfg = Debug|Any CPU
		{7EB37578-5606-4EC3-BEE4-444A0B7D6CCB}.Debug|Any CPU.Build.0 = Debug|Any CPU
		{7EB37578-5606-4EC3-BEE4-444A0B7D6CCB}.Release|Any CPU.ActiveCfg = Release|Any CPU
		{7EB37578-5606-4EC3-BEE4-444A0B7D6CCB}.Release|Any CPU.Build.0 = Release|Any CPU
		{28256A2C-93CA-41BE-A654-ED7352A4670C}.Debug|Any CPU.ActiveCfg = Debug|Any CPU
		{28256A2C-93CA-41BE-A654-ED7352A4670C}.Debug|Any CPU.Build.0 = Debug|Any CPU
		{28256A2C-93CA-41BE-A654-ED7352A4670C}.Release|Any CPU.ActiveCfg = Release|Any CPU
		{28256A2C-93CA-41BE-A654-ED7352A4670C}.Release|Any CPU.Build.0 = Release|Any CPU
		{CC8E07F0-C29E-4565-ABDC-43BA55ACCCDF}.Debug|Any CPU.ActiveCfg = Debug|Any CPU
		{CC8E07F0-C29E-4565-ABDC-43BA55ACCCDF}.Debug|Any CPU.Build.0 = Debug|Any CPU
		{CC8E07F0-C29E-4565-ABDC-43BA55ACCCDF}.Release|Any CPU.ActiveCfg = Release|Any CPU
		{CC8E07F0-C29E-4565-ABDC-43BA55ACCCDF}.Release|Any CPU.Build.0 = Release|Any CPU
		{987F40FE-C5F9-4032-939C-8540B63E938F}.Debug|Any CPU.ActiveCfg = Debug|Any CPU
		{987F40FE-C5F9-4032-939C-8540B63E938F}.Debug|Any CPU.Build.0 = Debug|Any CPU
		{987F40FE-C5F9-4032-939C-8540B63E938F}.Release|Any CPU.ActiveCfg = Release|Any CPU
		{987F40FE-C5F9-4032-939C-8540B63E938F}.Release|Any CPU.Build.0 = Release|Any CPU
		{41F1A076-B4F1-45FA-91D4-B5622176FCD1}.Debug|Any CPU.ActiveCfg = Debug|Any CPU
		{41F1A076-B4F1-45FA-91D4-B5622176FCD1}.Debug|Any CPU.Build.0 = Debug|Any CPU
		{41F1A076-B4F1-45FA-91D4-B5622176FCD1}.Release|Any CPU.ActiveCfg = Release|Any CPU
		{41F1A076-B4F1-45FA-91D4-B5622176FCD1}.Release|Any CPU.Build.0 = Release|Any CPU
		{EE6FAE6B-8338-4D32-9FAE-42A101B9C80F}.Debug|Any CPU.ActiveCfg = Debug|Any CPU
		{EE6FAE6B-8338-4D32-9FAE-42A101B9C80F}.Debug|Any CPU.Build.0 = Debug|Any CPU
		{EE6FAE6B-8338-4D32-9FAE-42A101B9C80F}.Release|Any CPU.ActiveCfg = Release|Any CPU
		{EE6FAE6B-8338-4D32-9FAE-42A101B9C80F}.Release|Any CPU.Build.0 = Release|Any CPU
		{359C6FB9-4BA9-413B-9ED8-2DCF5D9EE6B5}.Debug|Any CPU.ActiveCfg = Debug|Any CPU
		{359C6FB9-4BA9-413B-9ED8-2DCF5D9EE6B5}.Debug|Any CPU.Build.0 = Debug|Any CPU
		{359C6FB9-4BA9-413B-9ED8-2DCF5D9EE6B5}.Release|Any CPU.ActiveCfg = Release|Any CPU
		{359C6FB9-4BA9-413B-9ED8-2DCF5D9EE6B5}.Release|Any CPU.Build.0 = Release|Any CPU
	EndGlobalSection
	GlobalSection(SolutionProperties) = preSolution
		HideSolutionNode = FALSE
	EndGlobalSection
	GlobalSection(ExtensibilityGlobals) = postSolution
		SolutionGuid = {CBA8EFBF-227B-40E2-9956-368BF1CC9120}
	EndGlobalSection
EndGlobal
